Empresa:
 - Contrato social
 - Cartão CNPJ 
 - Comprovante de residência

Fundo: 
 - Contrato social
 - Cartão CNPJ

Factoring e Securitizadora
(mesmos da Empresa)

Adicionar assinador
 - procuração (Se não estiver no contrato social)
 - documento de identidade dos assinadores (procuradores) e respectivo número de inscrição no Cadastro de Pessoas Físicas – CPF/MF;
 - Endereço completo dos procuradores